
Microsoft Visual Studio Solution File, Format Version 12.00
# Visual Studio Version 16
VisualStudioVersion = 16.0.29215.179
MinimumVisualStudioVersion = 10.0.40219.1
Project("{FAE04EC0-301F-11D3-BF4B-00C04F79EFBC}") = "cilo", "cilo\cilo.csproj", "{9197D617-4DAF-4E4C-8E67-03361620EFEA}"
EndProject
Global
	GlobalSection(SolutionConfigurationPlatforms) = preSolution
		Debug|Any CPU = Debug|Any CPU
		Release|Any CPU = Release|Any CPU
	EndGlobalSection
	GlobalSection(ProjectConfigurationPlatforms) = postSolution
		{9197D617-4DAF-4E4C-8E67-03361620EFEA}.Debug|Any CPU.ActiveCfg = Debug|Any CPU
		{9197D617-4DAF-4E4C-8E67-03361620EFEA}.Debug|Any CPU.Build.0 = Debug|Any CPU
		{9197D617-4DAF-4E4C-8E67-03361620EFEA}.Release|Any CPU.ActiveCfg = Release|Any CPU
		{9197D617-4DAF-4E4C-8E67-03361620EFEA}.Release|Any CPU.Build.0 = Release|Any CPU
	EndGlobalSection
	GlobalSection(SolutionProperties) = preSolution
		HideSolutionNode = FALSE
	EndGlobalSection
	GlobalSection(ExtensibilityGlobals) = postSolution
		SolutionGuid = {1E91467E-1F49-4CA2-B9DE-2CF1DF9F18E4}
	EndGlobalSection
EndGlobal
